<?xml version="1.0" encoding="UTF-8" standalone="yes" ?>
<CodeBlocks_project_file>
	<FileVersion major="1" minor="6" />
	<Project>
		<Option title="examples" />
		<Option pch_mode="2" />
		<Option compiler="gcc" />
		<Build>
			<Target title="Debug">
				<Option output="bin/Debug/cb" prefix_auto="1" extension_auto="1" />
				<Option object_output="obj/Debug/" />
				<Option type="1" />
				<Option compiler="gcc" />
				<Option projectLinkerOptionsRelation="2" />
				<Compiler>
					<Add option="-g" />
					<Add directory="../../../src/core" />
					<Add directory="../../../src/ip/" />
					<Add directory="../../../src/ip/formats" />
					<Add directory="../../../src/th" />
					<Add directory="../../../../torch5/torch/libraries/TH" />
				</Compiler>
			</Target>
			<Target title="Release">
				<Option output="bin/Release/cb" prefix_auto="1" extension_auto="1" />
				<Option object_output="obj/Release/" />
				<Option type="1" />
				<Option compiler="gcc" />
				<Compiler>
					<Add option="-O2" />
				</Compiler>
				<Linker>
					<Add option="-s" />
				</Linker>
			</Target>
		</Build>
		<Compiler>
			<Add option="-Wall" />
		</Compiler>
		<Unit filename="../../README.txt" />
		<Unit filename="../../boosting/CMakeLists.txt" />
		<Unit filename="../../boosting/bindata.list" />
		<Unit filename="../../boosting/make.csh" />
		<Unit filename="../../dataset/CMakeLists.txt" />
		<Unit filename="../../dataset/diskdataset.cc" />
		<Unit filename="../../dataset/make.csh" />
		<Unit filename="../../dataset/memorydataset.cc" />
		<Unit filename="../../dataset/tensorfiles.cc" />
		<Unit filename="../../facetools/CMakeLists.txt" />
		<Unit filename="../../facetools/README" />
		<Unit filename="../../facetools/banca.list" />
		<Unit filename="../../facetools/cmu.list" />
		<Unit filename="../../facetools/eyenosechin_frontal.list" />
		<Unit filename="../../facetools/eyenosechin_halfprofile.list" />
		<Unit filename="../../facetools/eyenosechin_profile.list" />
		<Unit filename="../../facetools/filelist.cc" />
		<Unit filename="../../facetools/frontalface19x19.geom.norm.cfg" />
		<Unit filename="../../facetools/frontalface64x80.geom.norm.cfg" />
		<Unit filename="../../facetools/gtimageextract.cc" />
		<Unit filename="../../facetools/make.csh" />
		<Unit filename="../../facetools/xm2vts.list" />
		<Unit filename="../../images/CMakeLists.txt" />
		<Unit filename="../../images/README.txt" />
		<Unit filename="../../images/imageformats.cc" />
		<Unit filename="../../images/make.csh" />
		<Unit filename="../../ip/CMakeLists.txt" />
		<Unit filename="../../ip/README.txt" />
		<Unit filename="../../ip/crop.cc" />
		<Unit filename="../../ip/geom.norm.cfg" />
		<Unit filename="../../ip/geomNorm.cc" />
		<Unit filename="../../ip/histo.cc" />
		<Unit filename="../../ip/iimage.cc" />
		<Unit filename="../../ip/ipflipper2d.cc" />
		<Unit filename="../../ip/ipflipper3d.cc" />
		<Unit filename="../../ip/lbp.cc" />
		<Unit filename="../../ip/make.csh" />
		<Unit filename="../../ip/rotate.cc" />
		<Unit filename="../../ip/scale.cc" />
		<Unit filename="../../ip/shift.cc" />
		<Unit filename="../../ip/smoothGaussian.cc" />
		<Unit filename="../../ip/sobel.cc" />
		<Unit filename="../../machines/CMakeLists.txt" />
		<Unit filename="../../machines/convert3to5models.cc" />
		<Unit filename="../../machines/make.csh" />
		<Unit filename="../../machines/test19x19models.cc" />
		<Unit filename="../../options/CMakeLists.txt" />
		<Unit filename="../../options/README.txt" />
		<Unit filename="../../options/make.csh" />
		<Unit filename="../../options/options.cc" />
		<Unit filename="../../scanning/CMakeLists.txt" />
		<Unit filename="../../scanning/make.csh" />
		<Unit filename="../../scanning/scanning.cc" />
		<Unit filename="../../scanning/testPatternList.cc" />
		<Unit filename="../../scanning/test_scanning_all.sh" />
		<Unit filename="../../scanning/test_scanning_one.sh" />
		<Unit filename="../../sp/dct1d.cc" />
		<Unit filename="../../sp/dct2d.cc" />
		<Unit filename="../../sp/fft1d.cc" />
		<Unit filename="../../sp/fft2d.cc" />
		<Unit filename="../../tensors/CMakeLists.txt" />
		<Unit filename="../../tensors/README.txt" />
		<Unit filename="../../tensors/THTensor.cc" />
		<Unit filename="../../tensors/THTensorC.c">
			<Option compilerVar="CC" />
		</Unit>
		<Unit filename="../../tensors/bigtest.cc" />
		<Unit filename="../../tensors/make.csh" />
		<Extensions>
			<envvars />
			<code_completion />
			<debugger />
			<lib_finder disable_auto="1" />
		</Extensions>
	</Project>
</CodeBlocks_project_file>
