<?xml version="1.0" encoding="UTF-8" standalone="yes" ?>
<CodeBlocks_project_file>
	<FileVersion major="1" minor="6" />
	<Project>
		<Option title="torch5spro" />
		<Option pch_mode="2" />
		<Option compiler="gcc" />
		<Build>
			<Target title="Debug">
				<Option output="bin/Debug/cb" prefix_auto="1" extension_auto="1" />
				<Option object_output="obj/Debug/" />
				<Option type="1" />
				<Option compiler="gcc" />
				<Compiler>
					<Add option="-g" />
				</Compiler>
			</Target>
			<Target title="Release">
				<Option output="bin/Release/cb" prefix_auto="1" extension_auto="1" />
				<Option object_output="obj/Release/" />
				<Option type="1" />
				<Option compiler="gcc" />
				<Compiler>
					<Add option="-O2" />
				</Compiler>
				<Linker>
					<Add option="-s" />
				</Linker>
			</Target>
		</Build>
		<Compiler>
			<Add option="-Wall" />
		</Compiler>
		<Unit filename="../../../extras/jpeg/CMakeLists.txt" />
		<Unit filename="../../../extras/jpeg/cderror.h" />
		<Unit filename="../../../extras/jpeg/cdjpeg.h" />
		<Unit filename="../../../extras/jpeg/jcapimin.c">
			<Option compilerVar="CC" />
		</Unit>
		<Unit filename="../../../extras/jpeg/jcapistd.c">
			<Option compilerVar="CC" />
		</Unit>
		<Unit filename="../../../extras/jpeg/jccoefct.c">
			<Option compilerVar="CC" />
		</Unit>
		<Unit filename="../../../extras/jpeg/jccolor.c">
			<Option compilerVar="CC" />
		</Unit>
		<Unit filename="../../../extras/jpeg/jcdctmgr.c">
			<Option compilerVar="CC" />
		</Unit>
		<Unit filename="../../../extras/jpeg/jchuff.c">
			<Option compilerVar="CC" />
		</Unit>
		<Unit filename="../../../extras/jpeg/jchuff.h" />
		<Unit filename="../../../extras/jpeg/jcinit.c">
			<Option compilerVar="CC" />
		</Unit>
		<Unit filename="../../../extras/jpeg/jcmainct.c">
			<Option compilerVar="CC" />
		</Unit>
		<Unit filename="../../../extras/jpeg/jcmarker.c">
			<Option compilerVar="CC" />
		</Unit>
		<Unit filename="../../../extras/jpeg/jcmaster.c">
			<Option compilerVar="CC" />
		</Unit>
		<Unit filename="../../../extras/jpeg/jcomapi.c">
			<Option compilerVar="CC" />
		</Unit>
		<Unit filename="../../../extras/jpeg/jconfig.h" />
		<Unit filename="../../../extras/jpeg/jcparam.c">
			<Option compilerVar="CC" />
		</Unit>
		<Unit filename="../../../extras/jpeg/jcphuff.c">
			<Option compilerVar="CC" />
		</Unit>
		<Unit filename="../../../extras/jpeg/jcprepct.c">
			<Option compilerVar="CC" />
		</Unit>
		<Unit filename="../../../extras/jpeg/jcsample.c">
			<Option compilerVar="CC" />
		</Unit>
		<Unit filename="../../../extras/jpeg/jctrans.c">
			<Option compilerVar="CC" />
		</Unit>
		<Unit filename="../../../extras/jpeg/jdapimin.c">
			<Option compilerVar="CC" />
		</Unit>
		<Unit filename="../../../extras/jpeg/jdapistd.c">
			<Option compilerVar="CC" />
		</Unit>
		<Unit filename="../../../extras/jpeg/jdatadst.c">
			<Option compilerVar="CC" />
		</Unit>
		<Unit filename="../../../extras/jpeg/jdatasrc.c">
			<Option compilerVar="CC" />
		</Unit>
		<Unit filename="../../../extras/jpeg/jdcoefct.c">
			<Option compilerVar="CC" />
		</Unit>
		<Unit filename="../../../extras/jpeg/jdcolor.c">
			<Option compilerVar="CC" />
		</Unit>
		<Unit filename="../../../extras/jpeg/jdct.h" />
		<Unit filename="../../../extras/jpeg/jddctmgr.c">
			<Option compilerVar="CC" />
		</Unit>
		<Unit filename="../../../extras/jpeg/jdhuff.c">
			<Option compilerVar="CC" />
		</Unit>
		<Unit filename="../../../extras/jpeg/jdhuff.h" />
		<Unit filename="../../../extras/jpeg/jdinput.c">
			<Option compilerVar="CC" />
		</Unit>
		<Unit filename="../../../extras/jpeg/jdmainct.c">
			<Option compilerVar="CC" />
		</Unit>
		<Unit filename="../../../extras/jpeg/jdmarker.c">
			<Option compilerVar="CC" />
		</Unit>
		<Unit filename="../../../extras/jpeg/jdmaster.c">
			<Option compilerVar="CC" />
		</Unit>
		<Unit filename="../../../extras/jpeg/jdmerge.c">
			<Option compilerVar="CC" />
		</Unit>
		<Unit filename="../../../extras/jpeg/jdphuff.c">
			<Option compilerVar="CC" />
		</Unit>
		<Unit filename="../../../extras/jpeg/jdpostct.c">
			<Option compilerVar="CC" />
		</Unit>
		<Unit filename="../../../extras/jpeg/jdsample.c">
			<Option compilerVar="CC" />
		</Unit>
		<Unit filename="../../../extras/jpeg/jdtrans.c">
			<Option compilerVar="CC" />
		</Unit>
		<Unit filename="../../../extras/jpeg/jerror.c">
			<Option compilerVar="CC" />
		</Unit>
		<Unit filename="../../../extras/jpeg/jerror.h" />
		<Unit filename="../../../extras/jpeg/jfdctflt.c">
			<Option compilerVar="CC" />
		</Unit>
		<Unit filename="../../../extras/jpeg/jfdctfst.c">
			<Option compilerVar="CC" />
		</Unit>
		<Unit filename="../../../extras/jpeg/jfdctint.c">
			<Option compilerVar="CC" />
		</Unit>
		<Unit filename="../../../extras/jpeg/jidctflt.c">
			<Option compilerVar="CC" />
		</Unit>
		<Unit filename="../../../extras/jpeg/jidctfst.c">
			<Option compilerVar="CC" />
		</Unit>
		<Unit filename="../../../extras/jpeg/jidctint.c">
			<Option compilerVar="CC" />
		</Unit>
		<Unit filename="../../../extras/jpeg/jidctred.c">
			<Option compilerVar="CC" />
		</Unit>
		<Unit filename="../../../extras/jpeg/jinclude.h" />
		<Unit filename="../../../extras/jpeg/jmemmgr.c">
			<Option compilerVar="CC" />
		</Unit>
		<Unit filename="../../../extras/jpeg/jmemnobs.c">
			<Option compilerVar="CC" />
		</Unit>
		<Unit filename="../../../extras/jpeg/jmemsys.h" />
		<Unit filename="../../../extras/jpeg/jmorecfg.h" />
		<Unit filename="../../../extras/jpeg/jpegint.h" />
		<Unit filename="../../../extras/jpeg/jpeglib.h" />
		<Unit filename="../../../extras/jpeg/jpeglib_sys.h" />
		<Unit filename="../../../extras/jpeg/jquant1.c">
			<Option compilerVar="CC" />
		</Unit>
		<Unit filename="../../../extras/jpeg/jquant2.c">
			<Option compilerVar="CC" />
		</Unit>
		<Unit filename="../../../extras/jpeg/jutils.c">
			<Option compilerVar="CC" />
		</Unit>
		<Unit filename="../../../extras/jpeg/jversion.h" />
		<Unit filename="../../../extras/jpeg/transupp.h" />
		<Unit filename="../../../extras/lbfgs/CMakeLists.txt" />
		<Unit filename="../../../extras/lbfgs/arithmetic_ansi.h" />
		<Unit filename="../../../extras/lbfgs/lbfgs.c">
			<Option compilerVar="CC" />
		</Unit>
		<Unit filename="../../../extras/lbfgs/lbfgs.h" />
		<Unit filename="../../../extras/lbfgs/makelbfgs.csh" />
		<Unit filename="../../../extras/oourafft/CMakeLists.txt" />
		<Unit filename="../../../extras/oourafft/alloc.c">
			<Option compilerVar="CC" />
		</Unit>
		<Unit filename="../../../extras/oourafft/alloc.h" />
		<Unit filename="../../../extras/oourafft/fftsg.c">
			<Option compilerVar="CC" />
		</Unit>
		<Unit filename="../../../extras/oourafft/fftsg2d.c">
			<Option compilerVar="CC" />
		</Unit>
		<Unit filename="../../../extras/oourafft/makeoourafft.csh" />
		<Unit filename="../../../extras/oourafft/shrtdct.c">
			<Option compilerVar="CC" />
		</Unit>
		<Unit filename="../../../makeall.csh" />
		<Unit filename="../../../makeincludeh.csh" />
		<Unit filename="../../CMakeLists.txt" />
		<Unit filename="../../ap/CMakeLists.txt" />
		<Unit filename="../../boosting/BoostingRoundLBPTrainer.cc" />
		<Unit filename="../../boosting/BoostingRoundLBPTrainer.h" />
		<Unit filename="../../boosting/BoostingRoundTrainer.cc" />
		<Unit filename="../../boosting/BoostingRoundTrainer.h" />
		<Unit filename="../../boosting/BoostingTrainer.cc" />
		<Unit filename="../../boosting/BoostingTrainer.h" />
		<Unit filename="../../boosting/CMakeLists.txt" />
		<Unit filename="../../boosting/CascadeTrainer.cc" />
		<Unit filename="../../boosting/CascadeTrainer.h" />
		<Unit filename="../../boosting/FTrainer.cc" />
		<Unit filename="../../boosting/FTrainer.h" />
		<Unit filename="../../boosting/IntLutMachine.cc" />
		<Unit filename="../../boosting/IntLutMachine.h" />
		<Unit filename="../../boosting/LBPRoundTrainer.cc" />
		<Unit filename="../../boosting/LBPRoundTrainer.h" />
		<Unit filename="../../boosting/RealLutMachine.cc" />
		<Unit filename="../../boosting/RealLutMachine.h" />
		<Unit filename="../../boosting/StumpMachine.cc" />
		<Unit filename="../../boosting/StumpMachine.h" />
		<Unit filename="../../boosting/StumpTrainer.cc" />
		<Unit filename="../../boosting/StumpTrainer.h" />
		<Unit filename="../../boosting/WeakLearner.cc" />
		<Unit filename="../../boosting/WeakLearner.h" />
		<Unit filename="../../core/CMakeLists.txt" />
		<Unit filename="../../core/CmdFile.cc" />
		<Unit filename="../../core/CmdFile.h" />
		<Unit filename="../../core/CmdLine.cc" />
		<Unit filename="../../core/CmdLine.h" />
		<Unit filename="../../core/CmdOption.cc" />
		<Unit filename="../../core/CmdOption.h" />
		<Unit filename="../../core/DataSet.cc" />
		<Unit filename="../../core/DataSet.h" />
		<Unit filename="../../core/DiskDataSet.cc" />
		<Unit filename="../../core/DiskDataSet.h" />
		<Unit filename="../../core/File.cc" />
		<Unit filename="../../core/File.h" />
		<Unit filename="../../core/FileList.cc" />
		<Unit filename="../../core/FileList.h" />
		<Unit filename="../../core/FileListCmdOption.cc" />
		<Unit filename="../../core/FileListCmdOption.h" />
		<Unit filename="../../core/ImageScanDataSet.cc" />
		<Unit filename="../../core/ImageScanDataSet.h" />
		<Unit filename="../../core/MTimer.cc" />
		<Unit filename="../../core/MTimer.h" />
		<Unit filename="../../core/Machine.cc" />
		<Unit filename="../../core/Machine.h" />
		<Unit filename="../../core/MemoryDataSet.cc" />
		<Unit filename="../../core/MemoryDataSet.h" />
		<Unit filename="../../core/Object.cc" />
		<Unit filename="../../core/Object.h" />
		<Unit filename="../../core/Parameters.cc" />
		<Unit filename="../../core/Parameters.h" />
		<Unit filename="../../core/Tensor.cc" />
		<Unit filename="../../core/Tensor.h" />
		<Unit filename="../../core/TensorFile.cc" />
		<Unit filename="../../core/TensorFile.h" />
		<Unit filename="../../core/TensorGen.cc" />
		<Unit filename="../../core/TensorGen.h" />
		<Unit filename="../../core/TensorList.cc" />
		<Unit filename="../../core/TensorList.h" />
		<Unit filename="../../core/Trainer.cc" />
		<Unit filename="../../core/Trainer.h" />
		<Unit filename="../../core/VariableCollector.cc" />
		<Unit filename="../../core/VariableCollector.h" />
		<Unit filename="../../core/apCore.cc" />
		<Unit filename="../../core/apCore.h" />
		<Unit filename="../../core/general.cc" />
		<Unit filename="../../core/general.h" />
		<Unit filename="../../core/ipCore.cc" />
		<Unit filename="../../core/ipCore.h" />
		<Unit filename="../../core/spCore.cc" />
		<Unit filename="../../core/spCore.h" />
		<Unit filename="../../core/spCoreChain.cc" />
		<Unit filename="../../core/spCoreChain.h" />
		<Unit filename="../../core/spCores.h" />
		<Unit filename="../../geometry/Affine2D.cc" />
		<Unit filename="../../geometry/Affine2D.h" />
		<Unit filename="../../geometry/CMakeLists.txt" />
		<Unit filename="../../geometry/Circle2D.cc" />
		<Unit filename="../../geometry/Circle2D.h" />
		<Unit filename="../../geometry/Line2D.cc" />
		<Unit filename="../../geometry/Line2D.h" />
		<Unit filename="../../geometry/Matrix2D.cc" />
		<Unit filename="../../geometry/Matrix2D.h" />
		<Unit filename="../../geometry/Octon2D.cc" />
		<Unit filename="../../geometry/Octon2D.h" />
		<Unit filename="../../geometry/Plane.cc" />
		<Unit filename="../../geometry/Plane.h" />
		<Unit filename="../../geometry/Point2D.cc" />
		<Unit filename="../../geometry/Point2D.h" />
		<Unit filename="../../geometry/Point3D.cc" />
		<Unit filename="../../geometry/Point3D.h" />
		<Unit filename="../../geometry/Polygon2D.cc" />
		<Unit filename="../../geometry/Polygon2D.h" />
		<Unit filename="../../geometry/Ray2D.cc" />
		<Unit filename="../../geometry/Ray2D.h" />
		<Unit filename="../../geometry/Rectangle2D.cc" />
		<Unit filename="../../geometry/Rectangle2D.h" />
		<Unit filename="../../geometry/RotationMatrix2D.cc" />
		<Unit filename="../../geometry/RotationMatrix2D.h" />
		<Unit filename="../../geometry/Segment2D.cc" />
		<Unit filename="../../geometry/Segment2D.h" />
		<Unit filename="../../geometry/Triangle2D.cc" />
		<Unit filename="../../geometry/Triangle2D.h" />
		<Unit filename="../../geometry/Vector2D.cc" />
		<Unit filename="../../geometry/Vector2D.h" />
		<Unit filename="../../geometry/Vector3D.cc" />
		<Unit filename="../../geometry/Vector3D.h" />
		<Unit filename="../../geometry/X.h" />
		<Unit filename="../../geometry/geomObject.h" />
		<Unit filename="../../geometry/trigonometry.cc" />
		<Unit filename="../../geometry/trigonometry.h" />
		<Unit filename="../../ip/CMakeLists.txt" />
		<Unit filename="../../ip/Color.cc" />
		<Unit filename="../../ip/Color.h" />
		<Unit filename="../../ip/Complex.cc" />
		<Unit filename="../../ip/Complex.h" />
		<Unit filename="../../ip/Convert.cc" />
		<Unit filename="../../ip/Convert.h" />
		<Unit filename="../../ip/Image.cc" />
		<Unit filename="../../ip/Image.h" />
		<Unit filename="../../ip/ImageFile.cc" />
		<Unit filename="../../ip/ImageFile.h" />
		<Unit filename="../../ip/Video.cc" />
		<Unit filename="../../ip/Video.h" />
		<Unit filename="../../ip/imagefiles/CMakeLists.txt" />
		<Unit filename="../../ip/imagefiles/gifImageFile.cc" />
		<Unit filename="../../ip/imagefiles/gifImageFile.h" />
		<Unit filename="../../ip/imagefiles/jpegImageFile.cc" />
		<Unit filename="../../ip/imagefiles/jpegImageFile.h" />
		<Unit filename="../../ip/imagefiles/pgmImageFile.cc" />
		<Unit filename="../../ip/imagefiles/pgmImageFile.h" />
		<Unit filename="../../ip/imagefiles/ppmImageFile.cc" />
		<Unit filename="../../ip/imagefiles/ppmImageFile.h" />
		<Unit filename="../../ip/imagefiles/tiffImageFile.cc" />
		<Unit filename="../../ip/imagefiles/tiffImageFile.h" />
		<Unit filename="../../ip/ipBlock.cc" />
		<Unit filename="../../ip/ipBlock.h" />
		<Unit filename="../../ip/ipCrop.cc" />
		<Unit filename="../../ip/ipCrop.h" />
		<Unit filename="../../ip/ipFlip.cc" />
		<Unit filename="../../ip/ipFlip.h" />
		<Unit filename="../../ip/ipGeomNorm.cc" />
		<Unit filename="../../ip/ipGeomNorm.h" />
		<Unit filename="../../ip/ipHLBPLienhart.cc" />
		<Unit filename="../../ip/ipHLBPLienhart.h" />
		<Unit filename="../../ip/ipHaarLienhart.cc" />
		<Unit filename="../../ip/ipHaarLienhart.h" />
		<Unit filename="../../ip/ipHisto.cc" />
		<Unit filename="../../ip/ipHisto.h" />
		<Unit filename="../../ip/ipIntegral.cc" />
		<Unit filename="../../ip/ipIntegral.h" />
		<Unit filename="../../ip/ipLBP.cc" />
		<Unit filename="../../ip/ipLBP.h" />
		<Unit filename="../../ip/ipLBP4R.cc" />
		<Unit filename="../../ip/ipLBP4R.h" />
		<Unit filename="../../ip/ipLBP8R.cc" />
		<Unit filename="../../ip/ipLBP8R.h" />
		<Unit filename="../../ip/ipLBPBitmap.cc" />
		<Unit filename="../../ip/ipLBPBitmap.h" />
		<Unit filename="../../ip/ipRotate.cc" />
		<Unit filename="../../ip/ipRotate.h" />
		<Unit filename="../../ip/ipScaleYX.cc" />
		<Unit filename="../../ip/ipScaleYX.h" />
		<Unit filename="../../ip/ipShift.cc" />
		<Unit filename="../../ip/ipShift.h" />
		<Unit filename="../../ip/ipSmoothGaussian.cc" />
		<Unit filename="../../ip/ipSmoothGaussian.h" />
		<Unit filename="../../ip/ipSobel.cc" />
		<Unit filename="../../ip/ipSobel.h" />
		<Unit filename="../../ip/transforms/CMakeLists.txt" />
		<Unit filename="../../ip/vision.cc" />
		<Unit filename="../../ip/vision.h" />
		<Unit filename="../../ip/xtprobeImageFile.cc" />
		<Unit filename="../../ip/xtprobeImageFile.h" />
		<Unit filename="../../machine/CMakeLists.txt" />
		<Unit filename="../../machine/CascadeMachine.cc" />
		<Unit filename="../../machine/CascadeMachine.h" />
		<Unit filename="../../machine/Classifier.cc" />
		<Unit filename="../../machine/Classifier.h" />
		<Unit filename="../../machine/Criterion.cc" />
		<Unit filename="../../machine/Criterion.h" />
		<Unit filename="../../machine/GradientMachine.cc" />
		<Unit filename="../../machine/GradientMachine.h" />
		<Unit filename="../../machine/Machines.h" />
		<Unit filename="../../machine/ProbabilityDistribution.cc" />
		<Unit filename="../../machine/ProbabilityDistribution.h" />
		<Unit filename="../../machine/criterions/CMakeLists.txt" />
		<Unit filename="../../machine/criterions/MSECriterion.cc" />
		<Unit filename="../../machine/criterions/MSECriterion.h" />
		<Unit filename="../../machine/criterions/TwoClassNLLCriterion.cc" />
		<Unit filename="../../machine/criterions/TwoClassNLLCriterion.h" />
		<Unit filename="../../machine/distributions/CMakeLists.txt" />
		<Unit filename="../../machine/distributions/MultiVariateDiagonalGaussianDistribution.cc" />
		<Unit filename="../../machine/distributions/MultiVariateDiagonalGaussianDistribution.h" />
		<Unit filename="../../machine/distributions/MultiVariateMAPDiagonalGaussianDistribution.cc" />
		<Unit filename="../../machine/distributions/MultiVariateMAPDiagonalGaussianDistribution.h" />
		<Unit filename="../../machine/distributions/MultiVariateMeansDistribution.cc" />
		<Unit filename="../../machine/distributions/MultiVariateMeansDistribution.h" />
		<Unit filename="../../machine/distributions/MultiVariateNormalDistribution.cc" />
		<Unit filename="../../machine/distributions/MultiVariateNormalDistribution.h" />
		<Unit filename="../../machine/gradients/CMakeLists.txt" />
		<Unit filename="../../machine/gradients/Exp.cc" />
		<Unit filename="../../machine/gradients/Exp.h" />
		<Unit filename="../../machine/gradients/Linear.cc" />
		<Unit filename="../../machine/gradients/Linear.h" />
		<Unit filename="../../machine/gradients/Log.cc" />
		<Unit filename="../../machine/gradients/Log.h" />
		<Unit filename="../../machine/gradients/MLP.cc" />
		<Unit filename="../../machine/gradients/MLP.h" />
		<Unit filename="../../machine/gradients/Sigmoid.cc" />
		<Unit filename="../../machine/gradients/Sigmoid.h" />
		<Unit filename="../../machine/gradients/Tanh.cc" />
		<Unit filename="../../machine/gradients/Tanh.h" />
		<Unit filename="../../machine/normalisations/CMakeLists.txt" />
		<Unit filename="../../machine/normalisations/MeanVarNorm.cc" />
		<Unit filename="../../machine/normalisations/MeanVarNorm.h" />
		<Unit filename="../../measurer/CMakeLists.txt" />
		<Unit filename="../../measurer/measurer.cc" />
		<Unit filename="../../measurer/measurer.h" />
		<Unit filename="../../scanning/CMakeLists.txt" />
		<Unit filename="../../scanning/Explorer.cc" />
		<Unit filename="../../scanning/Explorer.h" />
		<Unit filename="../../scanning/FaceFinder.cc" />
		<Unit filename="../../scanning/FaceFinder.h" />
		<Unit filename="../../scanning/Pattern.cc" />
		<Unit filename="../../scanning/Pattern.h" />
		<Unit filename="../../scanning/ScaleExplorer.cc" />
		<Unit filename="../../scanning/ScaleExplorer.h" />
		<Unit filename="../../scanning/Scanner.cc" />
		<Unit filename="../../scanning/Scanner.h" />
		<Unit filename="../../scanning/Selector.cc" />
		<Unit filename="../../scanning/Selector.h" />
		<Unit filename="../../scanning/context/CMakeLists.txt" />
		<Unit filename="../../scanning/context/Context.cc" />
		<Unit filename="../../scanning/context/Context.h" />
		<Unit filename="../../scanning/context/ContextDataSet.cc" />
		<Unit filename="../../scanning/context/ContextDataSet.h" />
		<Unit filename="../../scanning/context/ContextMachine.cc" />
		<Unit filename="../../scanning/context/ContextMachine.h" />
		<Unit filename="../../scanning/context/ContextTrainer.cc" />
		<Unit filename="../../scanning/context/ContextTrainer.h" />
		<Unit filename="../../scanning/context/LRMachine.cc" />
		<Unit filename="../../scanning/context/LRMachine.h" />
		<Unit filename="../../scanning/context/LRTrainer.cc" />
		<Unit filename="../../scanning/context/LRTrainer.h" />
		<Unit filename="../../scanning/explorers/CMakeLists.txt" />
		<Unit filename="../../scanning/explorers/ContextExplorer.cc" />
		<Unit filename="../../scanning/explorers/ContextExplorer.h" />
		<Unit filename="../../scanning/explorers/ExhaustiveScaleExplorer.cc" />
		<Unit filename="../../scanning/explorers/ExhaustiveScaleExplorer.h" />
		<Unit filename="../../scanning/explorers/MSExplorer.cc" />
		<Unit filename="../../scanning/explorers/MSExplorer.h" />
		<Unit filename="../../scanning/explorers/PyramidExplorer.cc" />
		<Unit filename="../../scanning/explorers/PyramidExplorer.h" />
		<Unit filename="../../scanning/explorers/RandomScaleExplorer.cc" />
		<Unit filename="../../scanning/explorers/RandomScaleExplorer.h" />
		<Unit filename="../../scanning/explorers/SpiralScaleExplorer.cc" />
		<Unit filename="../../scanning/explorers/SpiralScaleExplorer.h" />
		<Unit filename="../../scanning/ipSWEvaluator.cc" />
		<Unit filename="../../scanning/ipSWEvaluator.h" />
		<Unit filename="../../scanning/ipSWPruner.cc" />
		<Unit filename="../../scanning/ipSWPruner.h" />
		<Unit filename="../../scanning/pruners/CMakeLists.txt" />
		<Unit filename="../../scanning/pruners/ipSWVariancePruner.cc" />
		<Unit filename="../../scanning/pruners/ipSWVariancePruner.h" />
		<Unit filename="../../scanning/selectors/CMakeLists.txt" />
		<Unit filename="../../scanning/selectors/DummySelector.cc" />
		<Unit filename="../../scanning/selectors/DummySelector.h" />
		<Unit filename="../../scanning/selectors/MeanShiftSelector.cc" />
		<Unit filename="../../scanning/selectors/MeanShiftSelector.h" />
		<Unit filename="../../scanning/selectors/OverlapSelector.cc" />
		<Unit filename="../../scanning/selectors/OverlapSelector.h" />
		<Unit filename="../../sp/CMakeLists.txt" />
		<Unit filename="../../sp/ooura.cc" />
		<Unit filename="../../sp/ooura.h" />
		<Unit filename="../../sp/spDCT.cc" />
		<Unit filename="../../sp/spDCT.h" />
		<Unit filename="../../sp/spFFT.cc" />
		<Unit filename="../../sp/spFFT.h" />
		<Unit filename="../../th/CMakeLists.txt" />
		<Unit filename="../../th/COPYRIGHT.txt" />
		<Unit filename="../../th/TH.h" />
		<Unit filename="../../th/THBlas.c">
			<Option compilerVar="CC" />
		</Unit>
		<Unit filename="../../th/THBlas.h" />
		<Unit filename="../../th/THCBlas.h" />
		<Unit filename="../../th/THGeneral.c">
			<Option compilerVar="CC" />
		</Unit>
		<Unit filename="../../th/THGeneral.h" />
		<Unit filename="../../th/THLogAdd.c">
			<Option compilerVar="CC" />
		</Unit>
		<Unit filename="../../th/THLogAdd.h" />
		<Unit filename="../../th/THRandom.c">
			<Option compilerVar="CC" />
		</Unit>
		<Unit filename="../../th/THRandom.h" />
		<Unit filename="../../th/THStorage.c">
			<Option compilerVar="CC" />
		</Unit>
		<Unit filename="../../th/THStorage.h" />
		<Unit filename="../../th/THStorageGen.c">
			<Option compilerVar="CC" />
		</Unit>
		<Unit filename="../../th/THStorageGen.h" />
		<Unit filename="../../th/THTensor.c">
			<Option compilerVar="CC" />
		</Unit>
		<Unit filename="../../th/THTensor.h" />
		<Unit filename="../../th/THTensorApply.h" />
		<Unit filename="../../th/THTensorDimApply.h" />
		<Unit filename="../../th/THTensorGen.c">
			<Option compilerVar="CC" />
		</Unit>
		<Unit filename="../../th/THTensorGen.h" />
		<Unit filename="../../th/THTensorMath.c">
			<Option compilerVar="CC" />
		</Unit>
		<Unit filename="../../th/THTensorMath.h" />
		<Unit filename="../../th/THTensorMathAddons.c">
			<Option compilerVar="CC" />
		</Unit>
		<Unit filename="../../trainer/CMakeLists.txt" />
		<Unit filename="../../trainer/GTFile.cc" />
		<Unit filename="../../trainer/GTFile.h" />
		<Unit filename="../../trainer/GradientTrainer.cc" />
		<Unit filename="../../trainer/GradientTrainer.h" />
		<Unit filename="../../trainer/StochasticGradientTrainer.cc" />
		<Unit filename="../../trainer/StochasticGradientTrainer.h" />
		<Unit filename="../../trainer/gtfiles/CMakeLists.txt" />
		<Unit filename="../../trainer/gtfiles/bancaGTFile.cc" />
		<Unit filename="../../trainer/gtfiles/bancaGTFile.h" />
		<Unit filename="../../trainer/gtfiles/cootesGTFile.cc" />
		<Unit filename="../../trainer/gtfiles/cootesGTFile.h" />
		<Unit filename="../../trainer/gtfiles/eyecenterGTFile.cc" />
		<Unit filename="../../trainer/gtfiles/eyecenterGTFile.h" />
		<Unit filename="../../trainer/gtfiles/eyecornerGTFile.cc" />
		<Unit filename="../../trainer/gtfiles/eyecornerGTFile.h" />
		<Unit filename="../../trainer/gtfiles/frontalEyeNoseChinGTFile.cc" />
		<Unit filename="../../trainer/gtfiles/frontalEyeNoseChinGTFile.h" />
		<Unit filename="../../trainer/gtfiles/halfprofileEyeNoseChinGTFile.cc" />
		<Unit filename="../../trainer/gtfiles/halfprofileEyeNoseChinGTFile.h" />
		<Unit filename="../../trainer/gtfiles/profileEyeNoseChinGTFile.cc" />
		<Unit filename="../../trainer/gtfiles/profileEyeNoseChinGTFile.h" />
		<Extensions>
			<envvars />
			<code_completion />
			<debugger />
			<lib_finder disable_auto="1" />
		</Extensions>
	</Project>
</CodeBlocks_project_file>
